version = 1
revision = 3
requires-python = ">=3.14"

[[package]]
name = "antlr4-python3-runtime"
version = "4.9.3"
source = { registry = "https://pypi.org/simple" }
sdist = { url = "https://files.pythonhosted.org/packages/3e/38/7859ff46355f76f8d19459005ca000b6e7012f2f1ca597746cbcd1fbfe5e/antlr4-python3-runtime-4.9.3.tar.gz", hash = "sha256:f224469b4168294902bb1efa80a8bf7855f24c99aef99cbefc1bcd3cce77881b", size = 117034, upload-time = "2021-11-06T17:52:23.524Z" }

[[package]]
name = "colorama"
version = "0.4.6"
source = { registry = "https://pypi.org/simple" }
sdist = { url = "https://files.pythonhosted.org/packages/d8/53/6f443c9a4a8358a93a6792e2acffb9d9d5cb0a5cfd8802644b7b1c9a02e4/colorama-0.4.6.tar.gz", hash = "sha256:08695f5cb7ed6e0531a20572697297273c47b8cae5a63ffc6d6ed5c201be6e44", size = 27697, upload-time = "2022-10-25T02:36:22.414Z" }
wheels = [
    { url = "https://files.pythonhosted.org/packages/d1/d6/3965ed04c63042e047cb6a3e6ed1a63a35087b6a609aa3a15ed8ac56c221/colorama-0.4.6-py2.py3-none-any.whl", hash = "sha256:4f1d9991f5acc0ca119f9d443620b77f9d6b33703e51011c16baf57afb285fc6", size = 25335, upload-time = "2022-10-25T02:36:20.889Z" },
]

[[package]]
name = "execnet"
version = "2.1.1"
source = { registry = "https://pypi.org/simple" }
sdist = { url = "https://files.pythonhosted.org/packages/bb/ff/b4c0dc78fbe20c3e59c0c7334de0c27eb4001a2b2017999af398bf730817/execnet-2.1.1.tar.gz", hash = "sha256:5189b52c6121c24feae288166ab41b32549c7e2348652736540b9e6e7d4e72e3", size = 166524, upload-time = "2024-04-08T09:04:19.245Z" }
wheels = [
    { url = "https://files.pythonhosted.org/packages/43/09/2aea36ff60d16dd8879bdb2f5b3ee0ba8d08cbbdcdfe870e695ce3784385/execnet-2.1.1-py3-none-any.whl", hash = "sha256:26dee51f1b80cebd6d0ca8e74dd8745419761d3bef34163928cbebbdc4749fdc", size = 40612, upload-time = "2024-04-08T09:04:17.414Z" },
]

[[package]]
name = "faker"
version = "37.11.0"
source = { registry = "https://pypi.org/simple" }
dependencies = [
    { name = "tzdata" },
]
sdist = { url = "https://files.pythonhosted.org/packages/c9/4b/ca43f6bbcef63deb8ac01201af306388670a172587169aab3b192f7490f0/faker-37.11.0.tar.gz", hash = "sha256:22969803849ba0618be8eee2dd01d0d9e2cd3b75e6ff1a291fa9abcdb34da5e6", size = 1935301, upload-time = "2025-10-07T14:49:01.481Z" }
wheels = [
    { url = "https://files.pythonhosted.org/packages/a3/46/8f4097b55e43af39e8e71e1f7aec59ff7398bca54d975c30889bc844719d/faker-37.11.0-py3-none-any.whl", hash = "sha256:1508d2da94dfd1e0087b36f386126d84f8583b3de19ac18e392a2831a6676c57", size = 1975525, upload-time = "2025-10-07T14:48:58.29Z" },
]

[[package]]
name = "filelock"
version = "3.20.0"
source = { registry = "https://pypi.org/simple" }
sdist = { url = "https://files.pythonhosted.org/packages/58/46/0028a82567109b5ef6e4d2a1f04a583fb513e6cf9527fcdd09afd817deeb/filelock-3.20.0.tar.gz", hash = "sha256:711e943b4ec6be42e1d4e6690b48dc175c822967466bb31c0c293f34334c13f4", size = 18922, upload-time = "2025-10-08T18:03:50.056Z" }
wheels = [
    { url = "https://files.pythonhosted.org/packages/76/91/7216b27286936c16f5b4d0c530087e4a54eead683e6b0b73dd0c64844af6/filelock-3.20.0-py3-none-any.whl", hash = "sha256:339b4732ffda5cd79b13f4e2711a31b0365ce445d95d243bb996273d072546a2", size = 16054, upload-time = "2025-10-08T18:03:48.35Z" },
]

[[package]]
name = "iniconfig"
version = "2.1.0"
source = { registry = "https://pypi.org/simple" }
sdist = { url = "https://files.pythonhosted.org/packages/f2/97/ebf4da567aa6827c909642694d71c9fcf53e5b504f2d96afea02718862f3/iniconfig-2.1.0.tar.gz", hash = "sha256:3abbd2e30b36733fee78f9c7f7308f2d0050e88f0087fd25c2645f63c773e1c7", size = 4793, upload-time = "2025-03-19T20:09:59.721Z" }
wheels = [
    { url = "https://files.pythonhosted.org/packages/2c/e1/e6716421ea10d38022b952c159d5161ca1193197fb744506875fbb87ea7b/iniconfig-2.1.0-py3-none-any.whl", hash = "sha256:9deba5723312380e77435581c6bf4935c94cbfab9b1ed33ef8d238ea168eb760", size = 6050, upload-time = "2025-03-19T20:10:01.071Z" },
]

[[package]]
name = "multidict"
version = "6.7.0"
source = { registry = "https://pypi.org/simple" }
sdist = { url = "https://files.pythonhosted.org/packages/80/1e/5492c365f222f907de1039b91f922b93fa4f764c713ee858d235495d8f50/multidict-6.7.0.tar.gz", hash = "sha256:c6e99d9a65ca282e578dfea819cfa9c0a62b2499d8677392e09feaf305e9e6f5", size = 101834, upload-time = "2025-10-06T14:52:30.657Z" }
wheels = [
    { url = "https://files.pythonhosted.org/packages/e2/b1/3da6934455dd4b261d4c72f897e3a5728eba81db59959f3a639245891baa/multidict-6.7.0-cp314-cp314-macosx_10_13_universal2.whl", hash = "sha256:3bab1e4aff7adaa34410f93b1f8e57c4b36b9af0426a76003f441ee1d3c7e842", size = 75128, upload-time = "2025-10-06T14:50:51.92Z" },
    { url = "https://files.pythonhosted.org/packages/14/2c/f069cab5b51d175a1a2cb4ccdf7a2c2dabd58aa5bd933fa036a8d15e2404/multidict-6.7.0-cp314-cp314-macosx_10_13_x86_64.whl", hash = "sha256:b8512bac933afc3e45fb2b18da8e59b78d4f408399a960339598374d4ae3b56b", size = 44410, upload-time = "2025-10-06T14:50:53.275Z" },
    { url = "https://files.pythonhosted.org/packages/42/e2/64bb41266427af6642b6b128e8774ed84c11b80a90702c13ac0a86bb10cc/multidict-6.7.0-cp314-cp314-macosx_11_0_arm64.whl", hash = "sha256:79dcf9e477bc65414ebfea98ffd013cb39552b5ecd62908752e0e413d6d06e38", size = 43205, upload-time = "2025-10-06T14:50:54.911Z" },
    { url = "https://files.pythonhosted.org/packages/02/68/6b086fef8a3f1a8541b9236c594f0c9245617c29841f2e0395d979485cde/multidict-6.7.0-cp314-cp314-manylinux1_i686.manylinux_2_28_i686.manylinux_2_5_i686.whl", hash = "sha256:31bae522710064b5cbeddaf2e9f32b1abab70ac6ac91d42572502299e9953128", size = 245084, upload-time = "2025-10-06T14:50:56.369Z" },
    { url = "https://files.pythonhosted.org/packages/15/ee/f524093232007cd7a75c1d132df70f235cfd590a7c9eaccd7ff422ef4ae8/multidict-6.7.0-cp314-cp314-manylinux2014_aarch64.manylinux_2_17_aarch64.manylinux_2_28_aarch64.whl", hash = "sha256:4a0df7ff02397bb63e2fd22af2c87dfa39e8c7f12947bc524dbdc528282c7e34", size = 252667, upload-time = "2025-10-06T14:50:57.991Z" },
    { url = "https://files.pythonhosted.org/packages/02/a5/eeb3f43ab45878f1895118c3ef157a480db58ede3f248e29b5354139c2c9/multidict-6.7.0-cp314-cp314-manylinux2014_armv7l.manylinux_2_17_armv7l.manylinux_2_31_armv7l.whl", hash = "sha256:7a0222514e8e4c514660e182d5156a415c13ef0aabbd71682fc714e327b95e99", size = 233590, upload-time = "2025-10-06T14:50:59.589Z" },
    { url = "https://files.pythonhosted.org/packages/6a/1e/76d02f8270b97269d7e3dbd45644b1785bda457b474315f8cf999525a193/multidict-6.7.0-cp314-cp314-manylinux2014_ppc64le.manylinux_2_17_ppc64le.manylinux_2_28_ppc64le.whl", hash = "sha256:2397ab4daaf2698eb51a76721e98db21ce4f52339e535725de03ea962b5a3202", size = 264112, upload-time = "2025-10-06T14:51:01.183Z" },
    { url = "https://files.pythonhosted.org/packages/76/0b/c28a70ecb58963847c2a8efe334904cd254812b10e535aefb3bcce513918/multidict-6.7.0-cp314-cp314-manylinux2014_s390x.manylinux_2_17_s390x.manylinux_2_28_s390x.whl", hash = "sha256:8891681594162635948a636c9fe0ff21746aeb3dd5463f6e25d9bea3a8a39ca1", size = 261194, upload-time = "2025-10-06T14:51:02.794Z" },
    { url = "https://files.pythonhosted.org/packages/b4/63/2ab26e4209773223159b83aa32721b4021ffb08102f8ac7d689c943fded1/multidict-6.7.0-cp314-cp314-manylinux2014_x86_64.manylinux_2_17_x86_64.manylinux_2_28_x86_64.whl", hash = "sha256:18706cc31dbf402a7945916dd5cddf160251b6dab8a2c5f3d6d5a55949f676b3", size = 248510, upload-time = "2025-10-06T14:51:04.724Z" },
    { url = "https://files.pythonhosted.org/packages/93/cd/06c1fa8282af1d1c46fd55c10a7930af652afdce43999501d4d68664170c/multidict-6.7.0-cp314-cp314-musllinux_1_2_aarch64.whl", hash = "sha256:f844a1bbf1d207dd311a56f383f7eda2d0e134921d45751842d8235e7778965d", size = 248395, upload-time = "2025-10-06T14:51:06.306Z" },
    { url = "https://files.pythonhosted.org/packages/99/ac/82cb419dd6b04ccf9e7e61befc00c77614fc8134362488b553402ecd55ce/multidict-6.7.0-cp314-cp314-musllinux_1_2_armv7l.whl", hash = "sha256:d4393e3581e84e5645506923816b9cc81f5609a778c7e7534054091acc64d1c6", size = 239520, upload-time = "2025-10-06T14:51:08.091Z" },
    { url = "https://files.pythonhosted.org/packages/fa/f3/a0f9bf09493421bd8716a362e0cd1d244f5a6550f5beffdd6b47e885b331/multidict-6.7.0-cp314-cp314-musllinux_1_2_i686.whl", hash = "sha256:fbd18dc82d7bf274b37aa48d664534330af744e03bccf696d6f4c6042e7d19e7", size = 245479, upload-time = "2025-10-06T14:51:10.365Z" },
    { url = "https://files.pythonhosted.org/packages/8d/01/476d38fc73a212843f43c852b0eee266b6971f0e28329c2184a8df90c376/multidict-6.7.0-cp314-cp314-musllinux_1_2_ppc64le.whl", hash = "sha256:b6234e14f9314731ec45c42fc4554b88133ad53a09092cc48a88e771c125dadb", size = 258903, upload-time = "2025-10-06T14:51:12.466Z" },
    { url = "https://files.pythonhosted.org/packages/49/6d/23faeb0868adba613b817d0e69c5f15531b24d462af8012c4f6de4fa8dc3/multidict-6.7.0-cp314-cp314-musllinux_1_2_s390x.whl", hash = "sha256:08d4379f9744d8f78d98c8673c06e202ffa88296f009c71bbafe8a6bf847d01f", size = 252333, upload-time = "2025-10-06T14:51:14.48Z" },
    { url = "https://files.pythonhosted.org/packages/1e/cc/48d02ac22b30fa247f7dad82866e4b1015431092f4ba6ebc7e77596e0b18/multidict-6.7.0-cp314-cp314-musllinux_1_2_x86_64.whl", hash = "sha256:9fe04da3f79387f450fd0061d4dd2e45a72749d31bf634aecc9e27f24fdc4b3f", size = 243411, upload-time = "2025-10-06T14:51:16.072Z" },
    { url = "https://files.pythonhosted.org/packages/4a/03/29a8bf5a18abf1fe34535c88adbdfa88c9fb869b5a3b120692c64abe8284/multidict-6.7.0-cp314-cp314-win32.whl", hash = "sha256:fbafe31d191dfa7c4c51f7a6149c9fb7e914dcf9ffead27dcfd9f1ae382b3885", size = 40940, upload-time = "2025-10-06T14:51:17.544Z" },
    { url = "https://files.pythonhosted.org/packages/82/16/7ed27b680791b939de138f906d5cf2b4657b0d45ca6f5dd6236fdddafb1a/multidict-6.7.0-cp314-cp314-win_amd64.whl", hash = "sha256:2f67396ec0310764b9222a1728ced1ab638f61aadc6226f17a71dd9324f9a99c", size = 45087, upload-time = "2025-10-06T14:51:18.875Z" },
    { url = "https://files.pythonhosted.org/packages/cd/3c/e3e62eb35a1950292fe39315d3c89941e30a9d07d5d2df42965ab041da43/multidict-6.7.0-cp314-cp314-win_arm64.whl", hash = "sha256:ba672b26069957ee369cfa7fc180dde1fc6f176eaf1e6beaf61fbebbd3d9c000", size = 42368, upload-time = "2025-10-06T14:51:20.225Z" },
    { url = "https://files.pythonhosted.org/packages/8b/40/cd499bd0dbc5f1136726db3153042a735fffd0d77268e2ee20d5f33c010f/multidict-6.7.0-cp314-cp314t-macosx_10_13_universal2.whl", hash = "sha256:c1dcc7524066fa918c6a27d61444d4ee7900ec635779058571f70d042d86ed63", size = 82326, upload-time = "2025-10-06T14:51:21.588Z" },
    { url = "https://files.pythonhosted.org/packages/13/8a/18e031eca251c8df76daf0288e6790561806e439f5ce99a170b4af30676b/multidict-6.7.0-cp314-cp314t-macosx_10_13_x86_64.whl", hash = "sha256:27e0b36c2d388dc7b6ced3406671b401e84ad7eb0656b8f3a2f46ed0ce483718", size = 48065, upload-time = "2025-10-06T14:51:22.93Z" },
    { url = "https://files.pythonhosted.org/packages/40/71/5e6701277470a87d234e433fb0a3a7deaf3bcd92566e421e7ae9776319de/multidict-6.7.0-cp314-cp314t-macosx_11_0_arm64.whl", hash = "sha256:2a7baa46a22e77f0988e3b23d4ede5513ebec1929e34ee9495be535662c0dfe2", size = 46475, upload-time = "2025-10-06T14:51:24.352Z" },
    { url = "https://files.pythonhosted.org/packages/fe/6a/bab00cbab6d9cfb57afe1663318f72ec28289ea03fd4e8236bb78429893a/multidict-6.7.0-cp314-cp314t-manylinux1_i686.manylinux_2_28_i686.manylinux_2_5_i686.whl", hash = "sha256:7bf77f54997a9166a2f5675d1201520586439424c2511723a7312bdb4bcc034e", size = 239324, upload-time = "2025-10-06T14:51:25.822Z" },
    { url = "https://files.pythonhosted.org/packages/2a/5f/8de95f629fc22a7769ade8b41028e3e5a822c1f8904f618d175945a81ad3/multidict-6.7.0-cp314-cp314t-manylinux2014_aarch64.manylinux_2_17_aarch64.manylinux_2_28_aarch64.whl", hash = "sha256:e011555abada53f1578d63389610ac8a5400fc70ce71156b0aa30d326f1a5064", size = 246877, upload-time = "2025-10-06T14:51:27.604Z" },
    { url = "https://files.pythonhosted.org/packages/23/b4/38881a960458f25b89e9f4a4fdcb02ac101cfa710190db6e5528841e67de/multidict-6.7.0-cp314-cp314t-manylinux2014_armv7l.manylinux_2_17_armv7l.manylinux_2_31_armv7l.whl", hash = "sha256:28b37063541b897fd6a318007373930a75ca6d6ac7c940dbe14731ffdd8d498e", size = 225824, upload-time = "2025-10-06T14:51:29.664Z" },
    { url = "https://files.pythonhosted.org/packages/1e/39/6566210c83f8a261575f18e7144736059f0c460b362e96e9cf797a24b8e7/multidict-6.7.0-cp314-cp314t-manylinux2014_ppc64le.manylinux_2_17_ppc64le.manylinux_2_28_ppc64le.whl", hash = "sha256:05047ada7a2fde2631a0ed706f1fd68b169a681dfe5e4cf0f8e4cb6618bbc2cd", size = 253558, upload-time = "2025-10-06T14:51:31.684Z" },
    { url = "https://files.pythonhosted.org/packages/00/a3/67f18315100f64c269f46e6c0319fa87ba68f0f64f2b8e7fd7c72b913a0b/multidict-6.7.0-cp314-cp314t-manylinux2014_s390x.manylinux_2_17_s390x.manylinux_2_28_s390x.whl", hash = "sha256:716133f7d1d946a4e1b91b1756b23c088881e70ff180c24e864c26192ad7534a", size = 252339, upload-time = "2025-10-06T14:51:33.699Z" },
    { url = "https://files.pythonhosted.org/packages/c8/2a/1cb77266afee2458d82f50da41beba02159b1d6b1f7973afc9a1cad1499b/multidict-6.7.0-cp314-cp314t-manylinux2014_x86_64.manylinux_2_17_x86_64.manylinux_2_28_x86_64.whl", hash = "sha256:d1bed1b467ef657f2a0ae62844a607909ef1c6889562de5e1d505f74457d0b96", size = 244895, upload-time = "2025-10-06T14:51:36.189Z" },
    { url = "https://files.pythonhosted.org/packages/dd/72/09fa7dd487f119b2eb9524946ddd36e2067c08510576d43ff68469563b3b/multidict-6.7.0-cp314-cp314t-musllinux_1_2_aarch64.whl", hash = "sha256:ca43bdfa5d37bd6aee89d85e1d0831fb86e25541be7e9d376ead1b28974f8e5e", size = 241862, upload-time = "2025-10-06T14:51:41.291Z" },
    { url = "https://files.pythonhosted.org/packages/65/92/bc1f8bd0853d8669300f732c801974dfc3702c3eeadae2f60cef54dc69d7/multidict-6.7.0-cp314-cp314t-musllinux_1_2_armv7l.whl", hash = "sha256:44b546bd3eb645fd26fb949e43c02a25a2e632e2ca21a35e2e132c8105dc8599", size = 232376, upload-time = "2025-10-06T14:51:43.55Z" },
    { url = "https://files.pythonhosted.org/packages/09/86/ac39399e5cb9d0c2ac8ef6e10a768e4d3bc933ac808d49c41f9dc23337eb/multidict-6.7.0-cp314-cp314t-musllinux_1_2_i686.whl", hash = "sha256:a6ef16328011d3f468e7ebc326f24c1445f001ca1dec335b2f8e66bed3006394", size = 240272, upload-time = "2025-10-06T14:51:45.265Z" },
    { url = "https://files.pythonhosted.org/packages/3d/b6/fed5ac6b8563ec72df6cb1ea8dac6d17f0a4a1f65045f66b6d3bf1497c02/multidict-6.7.0-cp314-cp314t-musllinux_1_2_ppc64le.whl", hash = "sha256:5aa873cbc8e593d361ae65c68f85faadd755c3295ea2c12040ee146802f23b38", size = 248774, upload-time = "2025-10-06T14:51:46.836Z" },
    { url = "https://files.pythonhosted.org/packages/6b/8d/b954d8c0dc132b68f760aefd45870978deec6818897389dace00fcde32ff/multidict-6.7.0-cp314-cp314t-musllinux_1_2_s390x.whl", hash = "sha256:3d7b6ccce016e29df4b7ca819659f516f0bc7a4b3efa3bb2012ba06431b044f9", size = 242731, upload-time = "2025-10-06T14:51:48.541Z" },
    { url = "https://files.pythonhosted.org/packages/16/9d/a2dac7009125d3540c2f54e194829ea18ac53716c61b655d8ed300120b0f/multidict-6.7.0-cp314-cp314t-musllinux_1_2_x86_64.whl", hash = "sha256:171b73bd4ee683d307599b66793ac80981b06f069b62eea1c9e29c9241aa66b0", size = 240193, upload-time = "2025-10-06T14:51:50.355Z" },
    { url = "https://files.pythonhosted.org/packages/39/ca/c05f144128ea232ae2178b008d5011d4e2cea86e4ee8c85c2631b1b94802/multidict-6.7.0-cp314-cp314t-win32.whl", hash = "sha256:b2d7f80c4e1fd010b07cb26820aae86b7e73b681ee4889684fb8d2d4537aab13", size = 48023, upload-time = "2025-10-06T14:51:51.883Z" },
    { url = "https://files.pythonhosted.org/packages/ba/8f/0a60e501584145588be1af5cc829265701ba3c35a64aec8e07cbb71d39bb/multidict-6.7.0-cp314-cp314t-win_amd64.whl", hash = "sha256:09929cab6fcb68122776d575e03c6cc64ee0b8fca48d17e135474b042ce515cd", size = 53507, upload-time = "2025-10-06T14:51:53.672Z" },
    { url = "https://files.pythonhosted.org/packages/7f/ae/3148b988a9c6239903e786eac19c889fab607c31d6efa7fb2147e5680f23/multidict-6.7.0-cp314-cp314t-win_arm64.whl", hash = "sha256:cc41db090ed742f32bd2d2c721861725e6109681eddf835d0a82bd3a5c382827", size = 44804, upload-time = "2025-10-06T14:51:55.415Z" },
    { url = "https://files.pythonhosted.org/packages/b7/da/7d22601b625e241d4f23ef1ebff8acfc60da633c9e7e7922e24d10f592b3/multidict-6.7.0-py3-none-any.whl", hash = "sha256:394fc5c42a333c9ffc3e421a4c85e08580d990e08b99f6bf35b4132114c5dcb3", size = 12317, upload-time = "2025-10-06T14:52:29.272Z" },
]

[[package]]
name = "omegaconf"
version = "2.3.0"
source = { registry = "https://pypi.org/simple" }
dependencies = [
    { name = "antlr4-python3-runtime" },
    { name = "pyyaml" },
]
sdist = { url = "https://files.pythonhosted.org/packages/09/48/6388f1bb9da707110532cb70ec4d2822858ddfb44f1cdf1233c20a80ea4b/omegaconf-2.3.0.tar.gz", hash = "sha256:d5d4b6d29955cc50ad50c46dc269bcd92c6e00f5f90d23ab5fee7bfca4ba4cc7", size = 3298120, upload-time = "2022-12-08T20:59:22.753Z" }
wheels = [
    { url = "https://files.pythonhosted.org/packages/e3/94/1843518e420fa3ed6919835845df698c7e27e183cb997394e4a670973a65/omegaconf-2.3.0-py3-none-any.whl", hash = "sha256:7b4df175cdb08ba400f45cae3bdcae7ba8365db4d165fc65fd04b050ab63b46b", size = 79500, upload-time = "2022-12-08T20:59:19.686Z" },
]

[[package]]
name = "packaging"
version = "25.0"
source = { registry = "https://pypi.org/simple" }
sdist = { url = "https://files.pythonhosted.org/packages/a1/d4/1fc4078c65507b51b96ca8f8c3ba19e6a61c8253c72794544580a7b6c24d/packaging-25.0.tar.gz", hash = "sha256:d443872c98d677bf60f6a1f2f8c1cb748e8fe762d2bf9d3148b5599295b0fc4f", size = 165727, upload-time = "2025-04-19T11:48:59.673Z" }
wheels = [
    { url = "https://files.pythonhosted.org/packages/20/12/38679034af332785aac8774540895e234f4d07f7545804097de4b666afd8/packaging-25.0-py3-none-any.whl", hash = "sha256:29572ef2b1f17581046b3a2227d5c611fb25ec70ca1ba8554b24b0e69331a484", size = 66469, upload-time = "2025-04-19T11:48:57.875Z" },
]

[[package]]
name = "picows"
version = "1.10.1"
source = { registry = "https://pypi.org/simple" }
dependencies = [
    { name = "multidict" },
]
sdist = { url = "https://files.pythonhosted.org/packages/09/21/8bc5c3c0af0533dccbaccea5562406b0da2adc114ffd78d47f916f3b0721/picows-1.10.1.tar.gz", hash = "sha256:9b5b4274b080dd461cd07a4a647f827a7570b7b40e604e83907f14be8a4aab6b", size = 33151, upload-time = "2025-08-23T15:38:36.715Z" }

[[package]]
name = "pluggy"
version = "1.6.0"
source = { registry = "https://pypi.org/simple" }
sdist = { url = "https://files.pythonhosted.org/packages/f9/e2/3e91f31a7d2b083fe6ef3fa267035b518369d9511ffab804f839851d2779/pluggy-1.6.0.tar.gz", hash = "sha256:7dcc130b76258d33b90f61b658791dede3486c3e6bfb003ee5c9bfb396dd22f3", size = 69412, upload-time = "2025-05-15T12:30:07.975Z" }
wheels = [
    { url = "https://files.pythonhosted.org/packages/54/20/4d324d65cc6d9205fabedc306948156824eb9f0ee1633355a8f7ec5c66bf/pluggy-1.6.0-py3-none-any.whl", hash = "sha256:e920276dd6813095e9377c0bc5566d94c932c33b27a3e3945d8389c374dd4746", size = 20538, upload-time = "2025-05-15T12:30:06.134Z" },
]

[[package]]
name = "pygments"
version = "2.19.2"
source = { registry = "https://pypi.org/simple" }
sdist = { url = "https://files.pythonhosted.org/packages/b0/77/a5b8c569bf593b0140bde72ea885a803b82086995367bf2037de0159d924/pygments-2.19.2.tar.gz", hash = "sha256:636cb2477cec7f8952536970bc533bc43743542f70392ae026374600add5b887", size = 4968631, upload-time = "2025-06-21T13:39:12.283Z" }
wheels = [
    { url = "https://files.pythonhosted.org/packages/c7/21/705964c7812476f378728bdf590ca4b771ec72385c533964653c68e86bdc/pygments-2.19.2-py3-none-any.whl", hash = "sha256:86540386c03d588bb81d44bc3928634ff26449851e99741617ecb9037ee5ec0b", size = 1225217, upload-time = "2025-06-21T13:39:07.939Z" },
]

[[package]]
name = "pyrefly"
version = "0.39.2"
source = { registry = "https://pypi.org/simple" }
sdist = { url = "https://files.pythonhosted.org/packages/d2/a0/2edbf98dd17a2f1209d7ee5424599222bc9438105f0398a37e9adf7e333e/pyrefly-0.39.2.tar.gz", hash = "sha256:21669b53bcd831eea8f6b38ebb7da062e3060b416eb8ffccbebf4ae35be75fac", size = 3648264, upload-time = "2025-10-29T00:45:35.322Z" }
wheels = [
    { url = "https://files.pythonhosted.org/packages/ba/66/cb9937d4cb828c78ecba35b074510fb149405b4fafd641a5128109934242/pyrefly-0.39.2-py3-none-macosx_10_12_x86_64.whl", hash = "sha256:a82bcc2d4b677e54110f9b7242db10791a5e8ada510a56352daeecdfeaaf5ba8", size = 9108953, upload-time = "2025-10-29T00:45:15.385Z" },
    { url = "https://files.pythonhosted.org/packages/d3/74/c32977401fd37e862ed02559d7da1f68e1f2ae4d50e8820c826104837a26/pyrefly-0.39.2-py3-none-macosx_11_0_arm64.whl", hash = "sha256:f56265fea205d6c9f06d3ed8df194e6310940b4e2fa72ac78bcf3e7509f07f59", size = 8641199, upload-time = "2025-10-29T00:45:18.433Z" },
    { url = "https://files.pythonhosted.org/packages/14/a8/c68a4ea5a8ab43a7d762cde89691d13eb75811ddbd81be70771010198d6d/pyrefly-0.39.2-py3-none-manylinux_2_17_aarch64.manylinux2014_aarch64.whl", hash = "sha256:c06e048153d84cc7f6eb3e731601e3d4834295478239a3016bcb973f01ea5505", size = 8877424, upload-time = "2025-10-29T00:45:20.929Z" },
    { url = "https://files.pythonhosted.org/packages/d6/44/75f696bc9a6059142ab407e4ce5539ef27db3299b3a9f451753c67c2f95e/pyrefly-0.39.2-py3-none-manylinux_2_17_i686.manylinux2014_i686.whl", hash = "sha256:99af4063dbdce75a336cc5c72fea8ba411fce805eb94e3e1ec77ce3d202eb43c", size = 9763103, upload-time = "2025-10-29T00:45:23.062Z" },
    { url = "https://files.pythonhosted.org/packages/41/a5/c2b72c3b1f0fc98215f7716ebf127fca2e714a21211cd6f4b9f47a3aae9f/pyrefly-0.39.2-py3-none-manylinux_2_17_x86_64.manylinux2014_x86_64.whl", hash = "sha256:19785bccc541872173ac41c7abf66236489490689df7be9c9daa56bdc6c206d6", size = 9399659, upload-time = "2025-10-29T00:45:26.277Z" },
    { url = "https://files.pythonhosted.org/packages/a7/35/f429a501c54f108cbcbedc37d05a9cd29179b6f577208ff145abf0dd2b9d/pyrefly-0.39.2-py3-none-win32.whl", hash = "sha256:4c247e615d1f846d9f0959831b2890db7615c6d9ff309014f8e2ecdc06f12de1", size = 8931879, upload-time = "2025-10-29T00:45:28.946Z" },
    { url = "https://files.pythonhosted.org/packages/b4/cb/b5457410ea6745c35c4e7a254149c1cdce8aa03098052fbc438d1a538d6c/pyrefly-0.39.2-py3-none-win_amd64.whl", hash = "sha256:54b15dbb6a9bb1c6fe63322eafa305e56242846467d07f86bdfb73403a1e6c72", size = 9379430, upload-time = "2025-10-29T00:45:31.362Z" },
    { url = "https://files.pythonhosted.org/packages/8d/a4/acbc52be49039f1d0a27473ec2b951a8ead1bd476c6fe6d1497ddbe2c948/pyrefly-0.39.2-py3-none-win_arm64.whl", hash = "sha256:50226586994df6a1ac8d9cb653d2c0e506f6b3efd6b2719cffcb4d246b758363", size = 8948558, upload-time = "2025-10-29T00:45:33.479Z" },
]

[[package]]
name = "pytest"
version = "8.4.2"
source = { registry = "https://pypi.org/simple" }
dependencies = [
    { name = "colorama", marker = "sys_platform == 'win32'" },
    { name = "iniconfig" },
    { name = "packaging" },
    { name = "pluggy" },
    { name = "pygments" },
]
sdist = { url = "https://files.pythonhosted.org/packages/a3/5c/00a0e072241553e1a7496d638deababa67c5058571567b92a7eaa258397c/pytest-8.4.2.tar.gz", hash = "sha256:86c0d0b93306b961d58d62a4db4879f27fe25513d4b969df351abdddb3c30e01", size = 1519618, upload-time = "2025-09-04T14:34:22.711Z" }
wheels = [
    { url = "https://files.pythonhosted.org/packages/a8/a4/20da314d277121d6534b3a980b29035dcd51e6744bd79075a6ce8fa4eb8d/pytest-8.4.2-py3-none-any.whl", hash = "sha256:872f880de3fc3a5bdc88a11b39c9710c3497a547cfa9320bc3c5e62fbf272e79", size = 365750, upload-time = "2025-09-04T14:34:20.226Z" },
]

[[package]]
name = "pytest-asyncio"
version = "1.2.0"
source = { registry = "https://pypi.org/simple" }
dependencies = [
    { name = "pytest" },
]
sdist = { url = "https://files.pythonhosted.org/packages/42/86/9e3c5f48f7b7b638b216e4b9e645f54d199d7abbbab7a64a13b4e12ba10f/pytest_asyncio-1.2.0.tar.gz", hash = "sha256:c609a64a2a8768462d0c99811ddb8bd2583c33fd33cf7f21af1c142e824ffb57", size = 50119, upload-time = "2025-09-12T07:33:53.816Z" }
wheels = [
    { url = "https://files.pythonhosted.org/packages/04/93/2fa34714b7a4ae72f2f8dad66ba17dd9a2c793220719e736dda28b7aec27/pytest_asyncio-1.2.0-py3-none-any.whl", hash = "sha256:8e17ae5e46d8e7efe51ab6494dd2010f4ca8dae51652aa3c8d55acf50bfb2e99", size = 15095, upload-time = "2025-09-12T07:33:52.639Z" },
]

[[package]]
name = "pytest-randomly"
version = "4.0.1"
source = { registry = "https://pypi.org/simple" }
dependencies = [
    { name = "pytest" },
]
sdist = { url = "https://files.pythonhosted.org/packages/c4/1d/258a4bf1109258c00c35043f40433be5c16647387b6e7cd5582d638c116b/pytest_randomly-4.0.1.tar.gz", hash = "sha256:174e57bb12ac2c26f3578188490bd333f0e80620c3f47340158a86eca0593cd8", size = 14130, upload-time = "2025-09-12T15:23:00.085Z" }
wheels = [
    { url = "https://files.pythonhosted.org/packages/33/3e/a4a9227807b56869790aad3e24472a554b585974fe7e551ea350f50897ae/pytest_randomly-4.0.1-py3-none-any.whl", hash = "sha256:e0dfad2fd4f35e07beff1e47c17fbafcf98f9bf4531fd369d9260e2f858bfcb7", size = 8304, upload-time = "2025-09-12T15:22:58.946Z" },
]

[[package]]
name = "pytest-xdist"
version = "3.8.0"
source = { registry = "https://pypi.org/simple" }
dependencies = [
    { name = "execnet" },
    { name = "pytest" },
]
sdist = { url = "https://files.pythonhosted.org/packages/78/b4/439b179d1ff526791eb921115fca8e44e596a13efeda518b9d845a619450/pytest_xdist-3.8.0.tar.gz", hash = "sha256:7e578125ec9bc6050861aa93f2d59f1d8d085595d6551c2c90b6f4fad8d3a9f1", size = 88069, upload-time = "2025-07-01T13:30:59.346Z" }
wheels = [
    { url = "https://files.pythonhosted.org/packages/ca/31/d4e37e9e550c2b92a9cbc2e4d0b7420a27224968580b5a447f420847c975/pytest_xdist-3.8.0-py3-none-any.whl", hash = "sha256:202ca578cfeb7370784a8c33d6d05bc6e13b4f25b5053c30a152269fd10f0b88", size = 46396, upload-time = "2025-07-01T13:30:56.632Z" },
]

[[package]]
name = "pyyaml"
version = "6.0.3"
source = { registry = "https://pypi.org/simple" }
sdist = { url = "https://files.pythonhosted.org/packages/05/8e/961c0007c59b8dd7729d542c61a4d537767a59645b82a0b521206e1e25c2/pyyaml-6.0.3.tar.gz", hash = "sha256:d76623373421df22fb4cf8817020cbb7ef15c725b9d5e45f17e189bfc384190f", size = 130960, upload-time = "2025-09-25T21:33:16.546Z" }
wheels = [
    { url = "https://files.pythonhosted.org/packages/9d/8c/f4bd7f6465179953d3ac9bc44ac1a8a3e6122cf8ada906b4f96c60172d43/pyyaml-6.0.3-cp314-cp314-macosx_10_13_x86_64.whl", hash = "sha256:8d1fab6bb153a416f9aeb4b8763bc0f22a5586065f86f7664fc23339fc1c1fac", size = 181814, upload-time = "2025-09-25T21:32:35.712Z" },
    { url = "https://files.pythonhosted.org/packages/bd/9c/4d95bb87eb2063d20db7b60faa3840c1b18025517ae857371c4dd55a6b3a/pyyaml-6.0.3-cp314-cp314-macosx_11_0_arm64.whl", hash = "sha256:34d5fcd24b8445fadc33f9cf348c1047101756fd760b4dacb5c3e99755703310", size = 173809, upload-time = "2025-09-25T21:32:36.789Z" },
    { url = "https://files.pythonhosted.org/packages/92/b5/47e807c2623074914e29dabd16cbbdd4bf5e9b2db9f8090fa64411fc5382/pyyaml-6.0.3-cp314-cp314-manylinux2014_aarch64.manylinux_2_17_aarch64.manylinux_2_28_aarch64.whl", hash = "sha256:501a031947e3a9025ed4405a168e6ef5ae3126c59f90ce0cd6f2bfc477be31b7", size = 766454, upload-time = "2025-09-25T21:32:37.966Z" },
    { url = "https://files.pythonhosted.org/packages/02/9e/e5e9b168be58564121efb3de6859c452fccde0ab093d8438905899a3a483/pyyaml-6.0.3-cp314-cp314-manylinux2014_s390x.manylinux_2_17_s390x.manylinux_2_28_s390x.whl", hash = "sha256:b3bc83488de33889877a0f2543ade9f70c67d66d9ebb4ac959502e12de895788", size = 836355, upload-time = "2025-09-25T21:32:39.178Z" },
    { url = "https://files.pythonhosted.org/packages/88/f9/16491d7ed2a919954993e48aa941b200f38040928474c9e85ea9e64222c3/pyyaml-6.0.3-cp314-cp314-manylinux2014_x86_64.manylinux_2_17_x86_64.manylinux_2_28_x86_64.whl", hash = "sha256:c458b6d084f9b935061bc36216e8a69a7e293a2f1e68bf956dcd9e6cbcd143f5", size = 794175, upload-time = "2025-09-25T21:32:40.865Z" },
    { url = "https://files.pythonhosted.org/packages/dd/3f/5989debef34dc6397317802b527dbbafb2b4760878a53d4166579111411e/pyyaml-6.0.3-cp314-cp314-musllinux_1_2_aarch64.whl", hash = "sha256:7c6610def4f163542a622a73fb39f534f8c101d690126992300bf3207eab9764", size = 755228, upload-time = "2025-09-25T21:32:42.084Z" },
    { url = "https://files.pythonhosted.org/packages/d7/ce/af88a49043cd2e265be63d083fc75b27b6ed062f5f9fd6cdc223ad62f03e/pyyaml-6.0.3-cp314-cp314-musllinux_1_2_x86_64.whl", hash = "sha256:5190d403f121660ce8d1d2c1bb2ef1bd05b5f68533fc5c2ea899bd15f4399b35", size = 789194, upload-time = "2025-09-25T21:32:43.362Z" },
    { url = "https://files.pythonhosted.org/packages/23/20/bb6982b26a40bb43951265ba29d4c246ef0ff59c9fdcdf0ed04e0687de4d/pyyaml-6.0.3-cp314-cp314-win_amd64.whl", hash = "sha256:4a2e8cebe2ff6ab7d1050ecd59c25d4c8bd7e6f400f5f82b96557ac0abafd0ac", size = 156429, upload-time = "2025-09-25T21:32:57.844Z" },
    { url = "https://files.pythonhosted.org/packages/f4/f4/a4541072bb9422c8a883ab55255f918fa378ecf083f5b85e87fc2b4eda1b/pyyaml-6.0.3-cp314-cp314-win_arm64.whl", hash = "sha256:93dda82c9c22deb0a405ea4dc5f2d0cda384168e466364dec6255b293923b2f3", size = 143912, upload-time = "2025-09-25T21:32:59.247Z" },
    { url = "https://files.pythonhosted.org/packages/7c/f9/07dd09ae774e4616edf6cda684ee78f97777bdd15847253637a6f052a62f/pyyaml-6.0.3-cp314-cp314t-macosx_10_13_x86_64.whl", hash = "sha256:02893d100e99e03eda1c8fd5c441d8c60103fd175728e23e431db1b589cf5ab3", size = 189108, upload-time = "2025-09-25T21:32:44.377Z" },
    { url = "https://files.pythonhosted.org/packages/4e/78/8d08c9fb7ce09ad8c38ad533c1191cf27f7ae1effe5bb9400a46d9437fcf/pyyaml-6.0.3-cp314-cp314t-macosx_11_0_arm64.whl", hash = "sha256:c1ff362665ae507275af2853520967820d9124984e0f7466736aea23d8611fba", size = 183641, upload-time = "2025-09-25T21:32:45.407Z" },
    { url = "https://files.pythonhosted.org/packages/7b/5b/3babb19104a46945cf816d047db2788bcaf8c94527a805610b0289a01c6b/pyyaml-6.0.3-cp314-cp314t-manylinux2014_aarch64.manylinux_2_17_aarch64.manylinux_2_28_aarch64.whl", hash = "sha256:6adc77889b628398debc7b65c073bcb99c4a0237b248cacaf3fe8a557563ef6c", size = 831901, upload-time = "2025-09-25T21:32:48.83Z" },
    { url = "https://files.pythonhosted.org/packages/8b/cc/dff0684d8dc44da4d22a13f35f073d558c268780ce3c6ba1b87055bb0b87/pyyaml-6.0.3-cp314-cp314t-manylinux2014_s390x.manylinux_2_17_s390x.manylinux_2_28_s390x.whl", hash = "sha256:a80cb027f6b349846a3bf6d73b5e95e782175e52f22108cfa17876aaeff93702", size = 861132, upload-time = "2025-09-25T21:32:50.149Z" },
    { url = "https://files.pythonhosted.org/packages/b1/5e/f77dc6b9036943e285ba76b49e118d9ea929885becb0a29ba8a7c75e29fe/pyyaml-6.0.3-cp314-cp314t-manylinux2014_x86_64.manylinux_2_17_x86_64.manylinux_2_28_x86_64.whl", hash = "sha256:00c4bdeba853cc34e7dd471f16b4114f4162dc03e6b7afcc2128711f0eca823c", size = 839261, upload-time = "2025-09-25T21:32:51.808Z" },
    { url = "https://files.pythonhosted.org/packages/ce/88/a9db1376aa2a228197c58b37302f284b5617f56a5d959fd1763fb1675ce6/pyyaml-6.0.3-cp314-cp314t-musllinux_1_2_aarch64.whl", hash = "sha256:66e1674c3ef6f541c35191caae2d429b967b99e02040f5ba928632d9a7f0f065", size = 805272, upload-time = "2025-09-25T21:32:52.941Z" },
    { url = "https://files.pythonhosted.org/packages/da/92/1446574745d74df0c92e6aa4a7b0b3130706a4142b2d1a5869f2eaa423c6/pyyaml-6.0.3-cp314-cp314t-musllinux_1_2_x86_64.whl", hash = "sha256:16249ee61e95f858e83976573de0f5b2893b3677ba71c9dd36b9cf8be9ac6d65", size = 829923, upload-time = "2025-09-25T21:32:54.537Z" },
    { url = "https://files.pythonhosted.org/packages/f0/7a/1c7270340330e575b92f397352af856a8c06f230aa3e76f86b39d01b416a/pyyaml-6.0.3-cp314-cp314t-win_amd64.whl", hash = "sha256:4ad1906908f2f5ae4e5a8ddfce73c320c2a1429ec52eafd27138b7f1cbe341c9", size = 174062, upload-time = "2025-09-25T21:32:55.767Z" },
    { url = "https://files.pythonhosted.org/packages/f1/12/de94a39c2ef588c7e6455cfbe7343d3b2dc9d6b6b2f40c4c6565744c873d/pyyaml-6.0.3-cp314-cp314t-win_arm64.whl", hash = "sha256:ebc55a14a21cb14062aa4162f906cd962b28e2e9ea38f9b4391244cd8de4ae0b", size = 149341, upload-time = "2025-09-25T21:32:56.828Z" },
]

[[package]]
name = "ruff"
version = "0.14.1"
source = { registry = "https://pypi.org/simple" }
sdist = { url = "https://files.pythonhosted.org/packages/9e/58/6ca66896635352812de66f71cdf9ff86b3a4f79071ca5730088c0cd0fc8d/ruff-0.14.1.tar.gz", hash = "sha256:1dd86253060c4772867c61791588627320abcb6ed1577a90ef432ee319729b69", size = 5513429, upload-time = "2025-10-16T18:05:41.766Z" }
wheels = [
    { url = "https://files.pythonhosted.org/packages/8d/39/9cc5ab181478d7a18adc1c1e051a84ee02bec94eb9bdfd35643d7c74ca31/ruff-0.14.1-py3-none-linux_armv6l.whl", hash = "sha256:083bfc1f30f4a391ae09c6f4f99d83074416b471775b59288956f5bc18e82f8b", size = 12445415, upload-time = "2025-10-16T18:04:48.227Z" },
    { url = "https://files.pythonhosted.org/packages/ef/2e/1226961855ccd697255988f5a2474890ac7c5863b080b15bd038df820818/ruff-0.14.1-py3-none-macosx_10_12_x86_64.whl", hash = "sha256:f6fa757cd717f791009f7669fefb09121cc5f7d9bd0ef211371fad68c2b8b224", size = 12784267, upload-time = "2025-10-16T18:04:52.515Z" },
    { url = "https://files.pythonhosted.org/packages/c1/ea/fd9e95863124ed159cd0667ec98449ae461de94acda7101f1acb6066da00/ruff-0.14.1-py3-none-macosx_11_0_arm64.whl", hash = "sha256:d6191903d39ac156921398e9c86b7354d15e3c93772e7dbf26c9fcae59ceccd5", size = 11781872, upload-time = "2025-10-16T18:04:55.396Z" },
    { url = "https://files.pythonhosted.org/packages/1e/5a/e890f7338ff537dba4589a5e02c51baa63020acfb7c8cbbaea4831562c96/ruff-0.14.1-py3-none-manylinux_2_17_aarch64.manylinux2014_aarch64.whl", hash = "sha256:ed04f0e04f7a4587244e5c9d7df50e6b5bf2705d75059f409a6421c593a35896", size = 12226558, upload-time = "2025-10-16T18:04:58.166Z" },
    { url = "https://files.pythonhosted.org/packages/a6/7a/8ab5c3377f5bf31e167b73651841217542bcc7aa1c19e83030835cc25204/ruff-0.14.1-py3-none-manylinux_2_17_armv7l.manylinux2014_armv7l.whl", hash = "sha256:5c9e6cf6cd4acae0febbce29497accd3632fe2025c0c583c8b87e8dbdeae5f61", size = 12187898, upload-time = "2025-10-16T18:05:01.455Z" },
    { url = "https://files.pythonhosted.org/packages/48/8d/ba7c33aa55406955fc124e62c8259791c3d42e3075a71710fdff9375134f/ruff-0.14.1-py3-none-manylinux_2_17_i686.manylinux2014_i686.whl", hash = "sha256:a6fa2458527794ecdfbe45f654e42c61f2503a230545a91af839653a0a93dbc6", size = 12939168, upload-time = "2025-10-16T18:05:04.397Z" },
    { url = "https://files.pythonhosted.org/packages/b4/c2/70783f612b50f66d083380e68cbd1696739d88e9b4f6164230375532c637/ruff-0.14.1-py3-none-manylinux_2_17_ppc64.manylinux2014_ppc64.whl", hash = "sha256:39f1c392244e338b21d42ab29b8a6392a722c5090032eb49bb4d6defcdb34345", size = 14386942, upload-time = "2025-10-16T18:05:07.102Z" },
    { url = "https://files.pythonhosted.org/packages/48/44/cd7abb9c776b66d332119d67f96acf15830d120f5b884598a36d9d3f4d83/ruff-0.14.1-py3-none-manylinux_2_17_ppc64le.manylinux2014_ppc64le.whl", hash = "sha256:7382fa12a26cce1f95070ce450946bec357727aaa428983036362579eadcc5cf", size = 13990622, upload-time = "2025-10-16T18:05:09.882Z" },
    { url = "https://files.pythonhosted.org/packages/eb/56/4259b696db12ac152fe472764b4f78bbdd9b477afd9bc3a6d53c01300b37/ruff-0.14.1-py3-none-manylinux_2_17_s390x.manylinux2014_s390x.whl", hash = "sha256:dd0bf2be3ae8521e1093a487c4aa3b455882f139787770698530d28ed3fbb37c", size = 13431143, upload-time = "2025-10-16T18:05:13.46Z" },
    { url = "https://files.pythonhosted.org/packages/e0/35/266a80d0eb97bd224b3265b9437bd89dde0dcf4faf299db1212e81824e7e/ruff-0.14.1-py3-none-manylinux_2_17_x86_64.manylinux2014_x86_64.whl", hash = "sha256:cabcaa9ccf8089fb4fdb78d17cc0e28241520f50f4c2e88cb6261ed083d85151", size = 13132844, upload-time = "2025-10-16T18:05:16.1Z" },
    { url = "https://files.pythonhosted.org/packages/65/6e/d31ce218acc11a8d91ef208e002a31acf315061a85132f94f3df7a252b18/ruff-0.14.1-py3-none-manylinux_2_31_riscv64.whl", hash = "sha256:747d583400f6125ec11a4c14d1c8474bf75d8b419ad22a111a537ec1a952d192", size = 13401241, upload-time = "2025-10-16T18:05:19.395Z" },
    { url = "https://files.pythonhosted.org/packages/9f/b5/dbc4221bf0b03774b3b2f0d47f39e848d30664157c15b965a14d890637d2/ruff-0.14.1-py3-none-musllinux_1_2_aarch64.whl", hash = "sha256:5a6e74c0efd78515a1d13acbfe6c90f0f5bd822aa56b4a6d43a9ffb2ae6e56cd", size = 12132476, upload-time = "2025-10-16T18:05:22.163Z" },
    { url = "https://files.pythonhosted.org/packages/98/4b/ac99194e790ccd092d6a8b5f341f34b6e597d698e3077c032c502d75ea84/ruff-0.14.1-py3-none-musllinux_1_2_armv7l.whl", hash = "sha256:0ea6a864d2fb41a4b6d5b456ed164302a0d96f4daac630aeba829abfb059d020", size = 12139749, upload-time = "2025-10-16T18:05:25.162Z" },
    { url = "https://files.pythonhosted.org/packages/47/26/7df917462c3bb5004e6fdfcc505a49e90bcd8a34c54a051953118c00b53a/ruff-0.14.1-py3-none-musllinux_1_2_i686.whl", hash = "sha256:0826b8764f94229604fa255918d1cc45e583e38c21c203248b0bfc9a0e930be5", size = 12544758, upload-time = "2025-10-16T18:05:28.018Z" },
    { url = "https://files.pythonhosted.org/packages/64/d0/81e7f0648e9764ad9b51dd4be5e5dac3fcfff9602428ccbae288a39c2c22/ruff-0.14.1-py3-none-musllinux_1_2_x86_64.whl", hash = "sha256:cbc52160465913a1a3f424c81c62ac8096b6a491468e7d872cb9444a860bc33d", size = 13221811, upload-time = "2025-10-16T18:05:30.707Z" },
    { url = "https://files.pythonhosted.org/packages/c3/07/3c45562c67933cc35f6d5df4ca77dabbcd88fddaca0d6b8371693d29fd56/ruff-0.14.1-py3-none-win32.whl", hash = "sha256:e037ea374aaaff4103240ae79168c0945ae3d5ae8db190603de3b4012bd1def6", size = 12319467, upload-time = "2025-10-16T18:05:33.261Z" },
    { url = "https://files.pythonhosted.org/packages/02/88/0ee4ca507d4aa05f67e292d2e5eb0b3e358fbcfe527554a2eda9ac422d6b/ruff-0.14.1-py3-none-win_amd64.whl", hash = "sha256:59d599cdff9c7f925a017f6f2c256c908b094e55967f93f2821b1439928746a1", size = 13401123, upload-time = "2025-10-16T18:05:35.984Z" },
    { url = "https://files.pythonhosted.org/packages/b8/81/4b6387be7014858d924b843530e1b2a8e531846807516e9bea2ee0936bf7/ruff-0.14.1-py3-none-win_arm64.whl", hash = "sha256:e3b443c4c9f16ae850906b8d0a707b2a4c16f8d2f0a7fe65c475c5886665ce44", size = 12436636, upload-time = "2025-10-16T18:05:38.995Z" },
]

[[package]]
name = "savant-cloudpin"
version = "0.1.0"
source = { virtual = "." }
dependencies = [
    { name = "omegaconf" },
    { name = "picows" },
]

[package.optional-dependencies]
prerequisite-platform = [
    { name = "savant-rs" },
]

[package.dev-dependencies]
dev = [
    { name = "faker" },
    { name = "filelock" },
    { name = "pyrefly" },
    { name = "pytest" },
    { name = "pytest-asyncio" },
    { name = "pytest-randomly" },
    { name = "pytest-xdist" },
    { name = "ruff" },
]

[package.metadata]
requires-dist = [
    { name = "omegaconf", specifier = ">=2.3.0" },
    { name = "picows", specifier = ">=1.10.1" },
    { name = "savant-rs", marker = "extra == 'prerequisite-platform'" },
]
provides-extras = ["prerequisite-platform"]

[package.metadata.requires-dev]
dev = [
    { name = "faker", specifier = ">=37.11.0" },
    { name = "filelock", specifier = ">=3.20.0" },
    { name = "pyrefly", specifier = ">=0.39.0" },
    { name = "pytest", specifier = ">=8.4.2" },
    { name = "pytest-asyncio", specifier = ">=1.2.0" },
    { name = "pytest-randomly", specifier = ">=4.0.1" },
    { name = "pytest-xdist", specifier = ">=3.8.0" },
    { name = "ruff", specifier = ">=0.14.1" },
]

[[package]]
name = "savant-rs"
version = "0.1.23"
source = { registry = "https://pypi.org/simple" }
sdist = { url = "https://files.pythonhosted.org/packages/af/3a/37c03ceb606ce9b9c98f58fbaba234dc3ff756fc1605e1dbac71336d94ff/savant_rs-0.1.23.tar.gz", hash = "sha256:3f7fea15a0c6b14734b5e15210bd303c5a9b7ddbe688b8897d4f0989c6aec780", size = 62499, upload-time = "2023-06-03T10:00:42.53Z" }

[[package]]
name = "tzdata"
version = "2025.2"
source = { registry = "https://pypi.org/simple" }
sdist = { url = "https://files.pythonhosted.org/packages/95/32/1a225d6164441be760d75c2c42e2780dc0873fe382da3e98a2e1e48361e5/tzdata-2025.2.tar.gz", hash = "sha256:b60a638fcc0daffadf82fe0f57e53d06bdec2f36c4df66280ae79bce6bd6f2b9", size = 196380, upload-time = "2025-03-23T13:54:43.652Z" }
wheels = [
    { url = "https://files.pythonhosted.org/packages/5c/23/c7abc0ca0a1526a0774eca151daeb8de62ec457e77262b66b359c3c7679e/tzdata-2025.2-py2.py3-none-any.whl", hash = "sha256:1a403fada01ff9221ca8044d701868fa132215d84beb92242d9acd2147f667a8", size = 347839, upload-time = "2025-03-23T13:54:41.845Z" },
]
